
Microsoft Visual Studio Solution File, Format Version 11.00
# Visual Studio 2010
Project("{FAE04EC0-301F-11D3-BF4B-00C04F79EFBC}") = "RogueTutorial", "Assembly-CSharp.csproj", "{0CC04460-C64A-9EF3-FDC1-14B9F873A330}"
EndProject
Project("{FAE04EC0-301F-11D3-BF4B-00C04F79EFBC}") = "RogueTutorial", "Assembly-CSharp-Editor.csproj", "{8EC709F4-2C00-664B-2DEA-EEB49E1D742B}"
EndProject
Global
	GlobalSection(SolutionConfigurationPlatforms) = preSolution
		Debug|Any CPU = Debug|Any CPU
		Release|Any CPU = Release|Any CPU
	EndGlobalSection
	GlobalSection(ProjectConfigurationPlatforms) = postSolution
		{0CC04460-C64A-9EF3-FDC1-14B9F873A330}.Debug|Any CPU.ActiveCfg = Debug|Any CPU
		{0CC04460-C64A-9EF3-FDC1-14B9F873A330}.Debug|Any CPU.Build.0 = Debug|Any CPU
		{0CC04460-C64A-9EF3-FDC1-14B9F873A330}.Release|Any CPU.ActiveCfg = Release|Any CPU
		{0CC04460-C64A-9EF3-FDC1-14B9F873A330}.Release|Any CPU.Build.0 = Release|Any CPU
		{8EC709F4-2C00-664B-2DEA-EEB49E1D742B}.Debug|Any CPU.ActiveCfg = Debug|Any CPU
		{8EC709F4-2C00-664B-2DEA-EEB49E1D742B}.Debug|Any CPU.Build.0 = Debug|Any CPU
		{8EC709F4-2C00-664B-2DEA-EEB49E1D742B}.Release|Any CPU.ActiveCfg = Release|Any CPU
		{8EC709F4-2C00-664B-2DEA-EEB49E1D742B}.Release|Any CPU.Build.0 = Release|Any CPU
	EndGlobalSection
	GlobalSection(SolutionProperties) = preSolution
		HideSolutionNode = FALSE
	EndGlobalSection
	GlobalSection(MonoDevelopProperties) = preSolution
		StartupItem = Assembly-CSharp.csproj
	EndGlobalSection
EndGlobal
